
Microsoft Visual Studio Solution File, Format Version 12.00
# Visual Studio Version 17
VisualStudioVersion = 17.5.33627.172
MinimumVisualStudioVersion = 10.0.40219.1
Project("{9A19103F-16F7-4668-BE54-9A1E7A4F7556}") = "Project_Web_Token", "Project_Web_Token\Project_Web_Token.csproj", "{D7E12929-11E2-4B4F-A611-AB3A618B2C1D}"
EndProject
Project("{FAE04EC0-301F-11D3-BF4B-00C04F79EFBC}") = "Consuming_My_JWT", "Consuming_My_JWT\Consuming_My_JWT.csproj", "{DA2A5294-95B0-460A-A415-C655CF838AF4}"
EndProject
Global
	GlobalSection(SolutionConfigurationPlatforms) = preSolution
		Debug|Any CPU = Debug|Any CPU
		Release|Any CPU = Release|Any CPU
	EndGlobalSection
	GlobalSection(ProjectConfigurationPlatforms) = postSolution
		{D7E12929-11E2-4B4F-A611-AB3A618B2C1D}.Debug|Any CPU.ActiveCfg = Debug|Any CPU
		{D7E12929-11E2-4B4F-A611-AB3A618B2C1D}.Debug|Any CPU.Build.0 = Debug|Any CPU
		{D7E12929-11E2-4B4F-A611-AB3A618B2C1D}.Release|Any CPU.ActiveCfg = Release|Any CPU
		{D7E12929-11E2-4B4F-A611-AB3A618B2C1D}.Release|Any CPU.Build.0 = Release|Any CPU
		{DA2A5294-95B0-460A-A415-C655CF838AF4}.Debug|Any CPU.ActiveCfg = Debug|Any CPU
		{DA2A5294-95B0-460A-A415-C655CF838AF4}.Debug|Any CPU.Build.0 = Debug|Any CPU
		{DA2A5294-95B0-460A-A415-C655CF838AF4}.Release|Any CPU.ActiveCfg = Release|Any CPU
		{DA2A5294-95B0-460A-A415-C655CF838AF4}.Release|Any CPU.Build.0 = Release|Any CPU
	EndGlobalSection
	GlobalSection(SolutionProperties) = preSolution
		HideSolutionNode = FALSE
	EndGlobalSection
	GlobalSection(ExtensibilityGlobals) = postSolution
		SolutionGuid = {A07AF18C-113E-441D-80A0-20D2437A6569}
	EndGlobalSection
EndGlobal
